// !$*UTF8*$!
{
	archiveVersion = 1;
	classes = {
	};
	objectVersion = 60;
	objects = {

/* Begin PBXBuildFile section */
		100000000000000000000001 /* WeatherDemoApp.swift in Sources */ = {isa = PBXBuildFile; fileRef = 200000000000000000000001 /* WeatherDemoApp.swift */; };
		100000000000000000000002 /* DemoConfiguration.swift in Sources */ = {isa = PBXBuildFile; fileRef = 200000000000000000000002 /* DemoConfiguration.swift */; };
		100000000000000000000003 /* Weather.swift in Sources */ = {isa = PBXBuildFile; fileRef = 200000000000000000000003 /* Weather.swift */; };
		100000000000000000000004 /* WeatherClient.swift in Sources */ = {isa = PBXBuildFile; fileRef = 200000000000000000000004 /* WeatherClient.swift */; };
		100000000000000000000005 /* DemoTelemetry.swift in Sources */ = {isa = PBXBuildFile; fileRef = 200000000000000000000005 /* DemoTelemetry.swift */; };
		100000000000000000000006 /* WeatherHomeView.swift in Sources */ = {isa = PBXBuildFile; fileRef = 200000000000000000000006 /* WeatherHomeView.swift */; };
		100000000000000000000007 /* ForecastView.swift in Sources */ = {isa = PBXBuildFile; fileRef = 200000000000000000000007 /* ForecastView.swift */; };
		100000000000000000000009 /* Assets.xcassets in Resources */ = {isa = PBXBuildFile; fileRef = 200000000000000000000009 /* Assets.xcassets */; };
		10000000000000000000000A /* ElasticApm in Frameworks */ = {isa = PBXBuildFile; productRef = A00000000000000000000001 /* ElasticApm */; };
		10000000000000000000000B /* OpenTelemetryApi in Frameworks */ = {isa = PBXBuildFile; productRef = A00000000000000000000002 /* OpenTelemetryApi */; };
		10000000000000000000000C /* WeatherFormatting.swift in Sources */ = {isa = PBXBuildFile; fileRef = 200000000000000000000027 /* WeatherFormatting.swift */; };
		10000000000000000000000D /* WeatherFormattingTests.swift in Sources */ = {isa = PBXBuildFile; fileRef = 200000000000000000000029 /* WeatherFormattingTests.swift */; };
		10000000000000000000000E /* WeatherModelTests.swift in Sources */ = {isa = PBXBuildFile; fileRef = 20000000000000000000002A /* WeatherModelTests.swift */; };
/* End PBXBuildFile section */

/* Begin PBXContainerItemProxy section */
		E00000000000000000000001 /* PBXContainerItemProxy */ = {
			isa = PBXContainerItemProxy;
			containerPortal = 800000000000000000000001 /* Project object */;
			proxyType = 1;
			remoteGlobalIDString = 500000000000000000000001;
			remoteInfo = WeatherDemo;
		};
/* End PBXContainerItemProxy section */

/* Begin PBXFileReference section */
		200000000000000000000001 /* WeatherDemoApp.swift */ = {isa = PBXFileReference; lastKnownFileType = sourcecode.swift; path = WeatherDemoApp.swift; sourceTree = "<group>"; };
		200000000000000000000002 /* DemoConfiguration.swift */ = {isa = PBXFileReference; lastKnownFileType = sourcecode.swift; path = DemoConfiguration.swift; sourceTree = "<group>"; };
		200000000000000000000003 /* Weather.swift */ = {isa = PBXFileReference; lastKnownFileType = sourcecode.swift; path = Weather.swift; sourceTree = "<group>"; };
		200000000000000000000004 /* WeatherClient.swift */ = {isa = PBXFileReference; lastKnownFileType = sourcecode.swift; path = WeatherClient.swift; sourceTree = "<group>"; };
		200000000000000000000005 /* DemoTelemetry.swift */ = {isa = PBXFileReference; lastKnownFileType = sourcecode.swift; path = DemoTelemetry.swift; sourceTree = "<group>"; };
		200000000000000000000006 /* WeatherHomeView.swift */ = {isa = PBXFileReference; lastKnownFileType = sourcecode.swift; path = WeatherHomeView.swift; sourceTree = "<group>"; };
		200000000000000000000007 /* ForecastView.swift */ = {isa = PBXFileReference; lastKnownFileType = sourcecode.swift; path = ForecastView.swift; sourceTree = "<group>"; };
		200000000000000000000009 /* Assets.xcassets */ = {isa = PBXFileReference; lastKnownFileType = folder.assetcatalog; path = Assets.xcassets; sourceTree = "<group>"; };
		20000000000000000000000A /* Info.plist */ = {isa = PBXFileReference; lastKnownFileType = text.plist.xml; path = Info.plist; sourceTree = "<group>"; };
		20000000000000000000000B /* WeatherDemo.app */ = {isa = PBXFileReference; explicitFileType = wrapper.application; includeInIndex = 0; path = WeatherDemo.app; sourceTree = BUILT_PRODUCTS_DIR; };
		20000000000000000000000C /* README.md */ = {isa = PBXFileReference; lastKnownFileType = net.daringfireball.markdown; path = README.md; sourceTree = "<group>"; };
		20000000000000000000000D /* LICENSE */ = {isa = PBXFileReference; lastKnownFileType = text; path = LICENSE; sourceTree = "<group>"; };
		20000000000000000000000F /* backend-manager */ = {isa = PBXFileReference; lastKnownFileType = text.script.sh; path = "backend-manager"; sourceTree = "<group>"; };
		200000000000000000000010 /* checks.sh */ = {isa = PBXFileReference; lastKnownFileType = text.script.sh; path = checks.sh; sourceTree = "<group>"; };
		200000000000000000000021 /* .gitignore */ = {isa = PBXFileReference; lastKnownFileType = text; path = .gitignore; sourceTree = "<group>"; };
		200000000000000000000022 /* README.md */ = {isa = PBXFileReference; lastKnownFileType = net.daringfireball.markdown; path = README.md; sourceTree = "<group>"; };
		200000000000000000000023 /* ci.yml */ = {isa = PBXFileReference; lastKnownFileType = text.yaml; path = ci.yml; sourceTree = "<group>"; };
		200000000000000000000024 /* README.md */ = {isa = PBXFileReference; lastKnownFileType = net.daringfireball.markdown; path = README.md; sourceTree = "<group>"; };
		200000000000000000000025 /* e2e_test.sh */ = {isa = PBXFileReference; lastKnownFileType = text.script.sh; path = e2e_test.sh; sourceTree = "<group>"; };
		200000000000000000000026 /* otel.yml */ = {isa = PBXFileReference; lastKnownFileType = text.yaml; path = otel.yml; sourceTree = "<group>"; };
		200000000000000000000027 /* WeatherFormatting.swift */ = {isa = PBXFileReference; lastKnownFileType = sourcecode.swift; path = WeatherFormatting.swift; sourceTree = "<group>"; };
		200000000000000000000028 /* WeatherDemoTests.xctest */ = {isa = PBXFileReference; explicitFileType = wrapper.cfbundle; includeInIndex = 0; path = WeatherDemoTests.xctest; sourceTree = BUILT_PRODUCTS_DIR; };
		200000000000000000000029 /* WeatherFormattingTests.swift */ = {isa = PBXFileReference; lastKnownFileType = sourcecode.swift; path = WeatherFormattingTests.swift; sourceTree = "<group>"; };
		20000000000000000000002A /* WeatherModelTests.swift */ = {isa = PBXFileReference; lastKnownFileType = sourcecode.swift; path = WeatherModelTests.swift; sourceTree = "<group>"; };
		20000000000000000000002B /* components.png */ = {isa = PBXFileReference; lastKnownFileType = image.png; path = components.png; sourceTree = "<group>"; };
		20000000000000000000002C /* components.excalidraw */ = {isa = PBXFileReference; lastKnownFileType = text.json; path = components.excalidraw; sourceTree = "<group>"; };
		20000000000000000000002D /* CI.md */ = {isa = PBXFileReference; lastKnownFileType = net.daringfireball.markdown; path = CI.md; sourceTree = "<group>"; };
		20000000000000000000002F /* .swift-format */ = {isa = PBXFileReference; lastKnownFileType = text.json; path = ".swift-format"; sourceTree = "<group>"; };
/* End PBXFileReference section */

/* Begin PBXFrameworksBuildPhase section */
		300000000000000000000001 /* Frameworks */ = {
			isa = PBXFrameworksBuildPhase;
			buildActionMask = 2147483647;
			files = (
				10000000000000000000000A /* ElasticApm in Frameworks */,
				10000000000000000000000B /* OpenTelemetryApi in Frameworks */,
			);
			runOnlyForDeploymentPostprocessing = 0;
		};
		300000000000000000000002 /* Frameworks */ = {
			isa = PBXFrameworksBuildPhase;
			buildActionMask = 2147483647;
			files = (
			);
			runOnlyForDeploymentPostprocessing = 0;
		};
/* End PBXFrameworksBuildPhase section */

/* Begin PBXGroup section */
		400000000000000000000001 = {
			isa = PBXGroup;
			children = (
				400000000000000000000019 /* .github */,
				200000000000000000000021 /* .gitignore */,
				20000000000000000000002F /* .swift-format */,
				20000000000000000000000D /* LICENSE */,
				20000000000000000000000C /* README.md */,
				400000000000000000000002 /* WeatherDemo */,
				40000000000000000000001D /* WeatherDemoTests */,
				40000000000000000000001E /* assets */,
				20000000000000000000000F /* backend-manager */,
				200000000000000000000010 /* checks.sh */,
				400000000000000000000008 /* Products */,
			);
			sourceTree = "<group>";
		};
		400000000000000000000002 /* WeatherDemo */ = {
			isa = PBXGroup;
			children = (
				200000000000000000000009 /* Assets.xcassets */,
				400000000000000000000003 /* Configuration */,
				20000000000000000000000A /* Info.plist */,
				400000000000000000000004 /* Models */,
				400000000000000000000005 /* Networking */,
				200000000000000000000022 /* README.md */,
				400000000000000000000006 /* Telemetry */,
				400000000000000000000007 /* Views */,
				200000000000000000000001 /* WeatherDemoApp.swift */,
			);
			path = WeatherDemo;
			sourceTree = "<group>";
		};
		400000000000000000000003 /* Configuration */ = {
			isa = PBXGroup;
			children = (
				200000000000000000000002 /* DemoConfiguration.swift */,
			);
			path = Configuration;
			sourceTree = "<group>";
		};
		400000000000000000000004 /* Models */ = {
			isa = PBXGroup;
			children = (
				200000000000000000000003 /* Weather.swift */,
			);
			path = Models;
			sourceTree = "<group>";
		};
		400000000000000000000005 /* Networking */ = {
			isa = PBXGroup;
			children = (
				200000000000000000000004 /* WeatherClient.swift */,
			);
			path = Networking;
			sourceTree = "<group>";
		};
		400000000000000000000006 /* Telemetry */ = {
			isa = PBXGroup;
			children = (
				200000000000000000000005 /* DemoTelemetry.swift */,
			);
			path = Telemetry;
			sourceTree = "<group>";
		};
		400000000000000000000007 /* Views */ = {
			isa = PBXGroup;
			children = (
				200000000000000000000006 /* WeatherHomeView.swift */,
				200000000000000000000007 /* ForecastView.swift */,
				200000000000000000000027 /* WeatherFormatting.swift */,
			);
			path = Views;
			sourceTree = "<group>";
		};
		400000000000000000000008 /* Products */ = {
			isa = PBXGroup;
			children = (
				20000000000000000000000B /* WeatherDemo.app */,
				200000000000000000000028 /* WeatherDemoTests.xctest */,
			);
			name = Products;
			sourceTree = "<group>";
		};
		400000000000000000000019 /* .github */ = {
			isa = PBXGroup;
			children = (
				20000000000000000000002D /* CI.md */,
				40000000000000000000001A /* scripts */,
				40000000000000000000001C /* workflows */,
			);
			path = .github;
			sourceTree = "<group>";
		};
		40000000000000000000001A /* scripts */ = {
			isa = PBXGroup;
			children = (
				40000000000000000000001B /* e2e-test */,
			);
			path = scripts;
			sourceTree = "<group>";
		};
		40000000000000000000001B /* e2e-test */ = {
			isa = PBXGroup;
			children = (
				200000000000000000000024 /* README.md */,
				200000000000000000000025 /* e2e_test.sh */,
				200000000000000000000026 /* otel.yml */,
			);
			path = "e2e-test";
			sourceTree = "<group>";
		};
		40000000000000000000001C /* workflows */ = {
			isa = PBXGroup;
			children = (
				200000000000000000000023 /* ci.yml */,
			);
			path = workflows;
			sourceTree = "<group>";
		};
		40000000000000000000001D /* WeatherDemoTests */ = {
			isa = PBXGroup;
			children = (
				200000000000000000000029 /* WeatherFormattingTests.swift */,
				20000000000000000000002A /* WeatherModelTests.swift */,
			);
			path = WeatherDemoTests;
			sourceTree = "<group>";
		};
		40000000000000000000001E /* assets */ = {
			isa = PBXGroup;
			children = (
				20000000000000000000002C /* components.excalidraw */,
				20000000000000000000002B /* components.png */,
			);
			path = assets;
			sourceTree = "<group>";
		};
/* End PBXGroup section */

/* Begin PBXNativeTarget section */
		500000000000000000000001 /* WeatherDemo */ = {
			isa = PBXNativeTarget;
			buildConfigurationList = 900000000000000000000002 /* Build configuration list for PBXNativeTarget "WeatherDemo" */;
			buildPhases = (
				600000000000000000000001 /* Sources */,
				300000000000000000000001 /* Frameworks */,
				700000000000000000000001 /* Resources */,
			);
			buildRules = (
			);
			dependencies = (
			);
			name = WeatherDemo;
			packageProductDependencies = (
				A00000000000000000000001 /* ElasticApm */,
				A00000000000000000000002 /* OpenTelemetryApi */,
			);
			productName = WeatherDemo;
			productReference = 20000000000000000000000B /* WeatherDemo.app */;
			productType = "com.apple.product-type.application";
		};
		500000000000000000000002 /* WeatherDemoTests */ = {
			isa = PBXNativeTarget;
			buildConfigurationList = 900000000000000000000003 /* Build configuration list for PBXNativeTarget "WeatherDemoTests" */;
			buildPhases = (
				600000000000000000000002 /* Sources */,
				300000000000000000000002 /* Frameworks */,
			);
			buildRules = (
			);
			dependencies = (
				D00000000000000000000001 /* PBXTargetDependency */,
			);
			name = WeatherDemoTests;
			packageProductDependencies = (
			);
			productName = WeatherDemoTests;
			productReference = 200000000000000000000028 /* WeatherDemoTests.xctest */;
			productType = "com.apple.product-type.bundle.unit-test";
		};
/* End PBXNativeTarget section */

/* Begin PBXProject section */
		800000000000000000000001 /* Project object */ = {
			isa = PBXProject;
			attributes = {
				BuildIndependentTargetsInParallel = 1;
				LastSwiftUpdateCheck = 2660;
				LastUpgradeCheck = 2660;
				TargetAttributes = {
					500000000000000000000001 = {
						CreatedOnToolsVersion = 26.6;
					};
					500000000000000000000002 = {
						CreatedOnToolsVersion = 26.6;
						TestTargetID = 500000000000000000000001;
					};
				};
			};
			buildConfigurationList = 900000000000000000000001 /* Build configuration list for PBXProject "WeatherDemo" */;
			compatibilityVersion = "Xcode 15.0";
			developmentRegion = en;
			hasScannedForEncodings = 0;
			knownRegions = (
				en,
				Base,
			);
			mainGroup = 400000000000000000000001;
			packageReferences = (
				B00000000000000000000001 /* XCRemoteSwiftPackageReference "apm-agent-ios" */,
				B00000000000000000000002 /* XCRemoteSwiftPackageReference "opentelemetry-swift-core" */,
			);
			productRefGroup = 400000000000000000000008 /* Products */;
			projectDirPath = "";
			projectRoot = "";
			targets = (
				500000000000000000000001 /* WeatherDemo */,
				500000000000000000000002 /* WeatherDemoTests */,
			);
		};
/* End PBXProject section */

/* Begin PBXResourcesBuildPhase section */
		700000000000000000000001 /* Resources */ = {
			isa = PBXResourcesBuildPhase;
			buildActionMask = 2147483647;
			files = (
				100000000000000000000009 /* Assets.xcassets in Resources */,
			);
			runOnlyForDeploymentPostprocessing = 0;
		};
/* End PBXResourcesBuildPhase section */

/* Begin PBXSourcesBuildPhase section */
		600000000000000000000001 /* Sources */ = {
			isa = PBXSourcesBuildPhase;
			buildActionMask = 2147483647;
			files = (
				100000000000000000000001 /* WeatherDemoApp.swift in Sources */,
				100000000000000000000002 /* DemoConfiguration.swift in Sources */,
				100000000000000000000003 /* Weather.swift in Sources */,
				100000000000000000000004 /* WeatherClient.swift in Sources */,
				100000000000000000000005 /* DemoTelemetry.swift in Sources */,
				100000000000000000000006 /* WeatherHomeView.swift in Sources */,
				100000000000000000000007 /* ForecastView.swift in Sources */,
				10000000000000000000000C /* WeatherFormatting.swift in Sources */,
			);
			runOnlyForDeploymentPostprocessing = 0;
		};
		600000000000000000000002 /* Sources */ = {
			isa = PBXSourcesBuildPhase;
			buildActionMask = 2147483647;
			files = (
				10000000000000000000000D /* WeatherFormattingTests.swift in Sources */,
				10000000000000000000000E /* WeatherModelTests.swift in Sources */,
			);
			runOnlyForDeploymentPostprocessing = 0;
		};
/* End PBXSourcesBuildPhase section */

/* Begin PBXTargetDependency section */
		D00000000000000000000001 /* PBXTargetDependency */ = {
			isa = PBXTargetDependency;
			target = 500000000000000000000001 /* WeatherDemo */;
			targetProxy = E00000000000000000000001 /* PBXContainerItemProxy */;
		};
/* End PBXTargetDependency section */

/* Begin XCBuildConfiguration section */
		C00000000000000000000001 /* Debug */ = {
			isa = XCBuildConfiguration;
			buildSettings = {
				ALWAYS_SEARCH_USER_PATHS = NO;
				CLANG_ANALYZER_NONNULL = YES;
				CLANG_ANALYZER_NUMBER_OBJECT_CONVERSION = YES_AGGRESSIVE;
				CLANG_CXX_LANGUAGE_STANDARD = "gnu++20";
				CLANG_ENABLE_MODULES = YES;
				CLANG_ENABLE_OBJC_ARC = YES;
				CLANG_WARN_BLOCK_CAPTURE_AUTORELEASING = YES;
				CLANG_WARN_BOOL_CONVERSION = YES;
				CLANG_WARN_COMMA = YES;
				CLANG_WARN_CONSTANT_CONVERSION = YES;
				CLANG_WARN_DEPRECATED_OBJC_IMPLEMENTATIONS = YES;
				CLANG_WARN_DOCUMENTATION_COMMENTS = YES;
				CLANG_WARN_EMPTY_BODY = YES;
				CLANG_WARN_ENUM_CONVERSION = YES;
				CLANG_WARN_INFINITE_RECURSION = YES;
				CLANG_WARN_INT_CONVERSION = YES;
				CLANG_WARN_NON_LITERAL_NULL_CONVERSION = YES;
				CLANG_WARN_OBJC_IMPLICIT_RETAIN_SELF = YES;
				CLANG_WARN_OBJC_LITERAL_CONVERSION = YES;
				CLANG_WARN_QUOTED_INCLUDE_IN_FRAMEWORK_HEADER = YES;
				CLANG_WARN_RANGE_LOOP_ANALYSIS = YES;
				CLANG_WARN_STRICT_PROTOTYPES = YES;
				CLANG_WARN_SUSPICIOUS_MOVE = YES;
				CLANG_WARN_UNGUARDED_AVAILABILITY = YES_AGGRESSIVE;
				CLANG_WARN_UNREACHABLE_CODE = YES;
				CLANG_WARN__DUPLICATE_METHOD_MATCH = YES;
				COPY_PHASE_STRIP = NO;
				DEBUG_INFORMATION_FORMAT = dwarf;
				ENABLE_STRICT_OBJC_MSGSEND = YES;
				ENABLE_TESTABILITY = YES;
				GCC_C_LANGUAGE_STANDARD = gnu17;
				GCC_DYNAMIC_NO_PIC = NO;
				GCC_NO_COMMON_BLOCKS = YES;
				GCC_OPTIMIZATION_LEVEL = 0;
				GCC_PREPROCESSOR_DEFINITIONS = (
					"DEBUG=1",
					"$(inherited)",
				);
				GCC_WARN_64_TO_32_BIT_CONVERSION = YES;
				GCC_WARN_ABOUT_RETURN_TYPE = YES_ERROR;
				GCC_WARN_UNDECLARED_SELECTOR = YES;
				GCC_WARN_UNINITIALIZED_AUTOS = YES_AGGRESSIVE;
				GCC_WARN_UNUSED_FUNCTION = YES;
				GCC_WARN_UNUSED_VARIABLE = YES;
				LOCALIZATION_PREFERS_STRING_CATALOGS = YES;
				MTL_ENABLE_DEBUG_INFO = INCLUDE_SOURCE;
				MTL_FAST_MATH = YES;
				ONLY_ACTIVE_ARCH = YES;
				SWIFT_ACTIVE_COMPILATION_CONDITIONS = "DEBUG $(inherited)";
				SWIFT_OPTIMIZATION_LEVEL = "-Onone";
			};
			name = Debug;
		};
		C00000000000000000000002 /* Release */ = {
			isa = XCBuildConfiguration;
			buildSettings = {
				ALWAYS_SEARCH_USER_PATHS = NO;
				CLANG_ANALYZER_NONNULL = YES;
				CLANG_ANALYZER_NUMBER_OBJECT_CONVERSION = YES_AGGRESSIVE;
				CLANG_CXX_LANGUAGE_STANDARD = "gnu++20";
				CLANG_ENABLE_MODULES = YES;
				CLANG_ENABLE_OBJC_ARC = YES;
				CLANG_WARN_BLOCK_CAPTURE_AUTORELEASING = YES;
				CLANG_WARN_BOOL_CONVERSION = YES;
				CLANG_WARN_COMMA = YES;
				CLANG_WARN_CONSTANT_CONVERSION = YES;
				CLANG_WARN_DEPRECATED_OBJC_IMPLEMENTATIONS = YES;
				CLANG_WARN_DOCUMENTATION_COMMENTS = YES;
				CLANG_WARN_EMPTY_BODY = YES;
				CLANG_WARN_ENUM_CONVERSION = YES;
				CLANG_WARN_INFINITE_RECURSION = YES;
				CLANG_WARN_INT_CONVERSION = YES;
				CLANG_WARN_NON_LITERAL_NULL_CONVERSION = YES;
				CLANG_WARN_OBJC_IMPLICIT_RETAIN_SELF = YES;
				CLANG_WARN_OBJC_LITERAL_CONVERSION = YES;
				CLANG_WARN_QUOTED_INCLUDE_IN_FRAMEWORK_HEADER = YES;
				CLANG_WARN_RANGE_LOOP_ANALYSIS = YES;
				CLANG_WARN_STRICT_PROTOTYPES = YES;
				CLANG_WARN_SUSPICIOUS_MOVE = YES;
				CLANG_WARN_UNGUARDED_AVAILABILITY = YES_AGGRESSIVE;
				CLANG_WARN_UNREACHABLE_CODE = YES;
				CLANG_WARN__DUPLICATE_METHOD_MATCH = YES;
				COPY_PHASE_STRIP = YES;
				DEBUG_INFORMATION_FORMAT = "dwarf-with-dsym";
				ENABLE_NS_ASSERTIONS = NO;
				ENABLE_STRICT_OBJC_MSGSEND = YES;
				GCC_C_LANGUAGE_STANDARD = gnu17;
				GCC_NO_COMMON_BLOCKS = YES;
				GCC_WARN_64_TO_32_BIT_CONVERSION = YES;
				GCC_WARN_ABOUT_RETURN_TYPE = YES_ERROR;
				GCC_WARN_UNDECLARED_SELECTOR = YES;
				GCC_WARN_UNINITIALIZED_AUTOS = YES_AGGRESSIVE;
				GCC_WARN_UNUSED_FUNCTION = YES;
				GCC_WARN_UNUSED_VARIABLE = YES;
				LOCALIZATION_PREFERS_STRING_CATALOGS = YES;
				MTL_ENABLE_DEBUG_INFO = NO;
				MTL_FAST_MATH = YES;
				SWIFT_COMPILATION_MODE = wholemodule;
			};
			name = Release;
		};
		C00000000000000000000003 /* Debug */ = {
			isa = XCBuildConfiguration;
			buildSettings = {
				ASSETCATALOG_COMPILER_APPICON_NAME = AppIcon;
				ASSETCATALOG_COMPILER_GLOBAL_ACCENT_COLOR_NAME = AccentColor;
				CODE_SIGN_STYLE = Automatic;
				CURRENT_PROJECT_VERSION = 1;
				ENABLE_PREVIEWS = YES;
				GENERATE_INFOPLIST_FILE = NO;
				INFOPLIST_FILE = WeatherDemo/Info.plist;
				IPHONEOS_DEPLOYMENT_TARGET = 16.0;
				LD_RUNPATH_SEARCH_PATHS = (
					"$(inherited)",
					"@executable_path/Frameworks",
				);
				MARKETING_VERSION = 1.0;
				PRODUCT_BUNDLE_IDENTIFIER = co.elastic.edot.ios.demo;
				PRODUCT_NAME = "$(TARGET_NAME)";
				SDKROOT = iphoneos;
				SUPPORTED_PLATFORMS = "iphoneos iphonesimulator";
				SWIFT_EMIT_LOC_STRINGS = YES;
				SWIFT_VERSION = 5.0;
				TARGETED_DEVICE_FAMILY = "1,2";
			};
			name = Debug;
		};
		C00000000000000000000004 /* Release */ = {
			isa = XCBuildConfiguration;
			buildSettings = {
				ASSETCATALOG_COMPILER_APPICON_NAME = AppIcon;
				ASSETCATALOG_COMPILER_GLOBAL_ACCENT_COLOR_NAME = AccentColor;
				CODE_SIGN_STYLE = Automatic;
				CURRENT_PROJECT_VERSION = 1;
				ENABLE_PREVIEWS = YES;
				GENERATE_INFOPLIST_FILE = NO;
				INFOPLIST_FILE = WeatherDemo/Info.plist;
				IPHONEOS_DEPLOYMENT_TARGET = 16.0;
				LD_RUNPATH_SEARCH_PATHS = (
					"$(inherited)",
					"@executable_path/Frameworks",
				);
				MARKETING_VERSION = 1.0;
				PRODUCT_BUNDLE_IDENTIFIER = co.elastic.edot.ios.demo;
				PRODUCT_NAME = "$(TARGET_NAME)";
				SDKROOT = iphoneos;
				SUPPORTED_PLATFORMS = "iphoneos iphonesimulator";
				SWIFT_EMIT_LOC_STRINGS = YES;
				SWIFT_VERSION = 5.0;
				TARGETED_DEVICE_FAMILY = "1,2";
			};
			name = Release;
		};
		C00000000000000000000005 /* Debug */ = {
			isa = XCBuildConfiguration;
			buildSettings = {
				BUNDLE_LOADER = "$(TEST_HOST)";
				CODE_SIGN_STYLE = Automatic;
				CURRENT_PROJECT_VERSION = 1;
				GENERATE_INFOPLIST_FILE = YES;
				IPHONEOS_DEPLOYMENT_TARGET = 16.0;
				MARKETING_VERSION = 1.0;
				PRODUCT_BUNDLE_IDENTIFIER = co.elastic.edot.ios.demo.tests;
				PRODUCT_NAME = "$(TARGET_NAME)";
				SDKROOT = iphoneos;
				SUPPORTED_PLATFORMS = "iphoneos iphonesimulator";
				SWIFT_EMIT_LOC_STRINGS = NO;
				SWIFT_VERSION = 5.0;
				TARGETED_DEVICE_FAMILY = "1,2";
				TEST_HOST = "$(BUILT_PRODUCTS_DIR)/WeatherDemo.app/$(BUNDLE_EXECUTABLE_FOLDER_PATH)/WeatherDemo";
			};
			name = Debug;
		};
		C00000000000000000000006 /* Release */ = {
			isa = XCBuildConfiguration;
			buildSettings = {
				BUNDLE_LOADER = "$(TEST_HOST)";
				CODE_SIGN_STYLE = Automatic;
				CURRENT_PROJECT_VERSION = 1;
				GENERATE_INFOPLIST_FILE = YES;
				IPHONEOS_DEPLOYMENT_TARGET = 16.0;
				MARKETING_VERSION = 1.0;
				PRODUCT_BUNDLE_IDENTIFIER = co.elastic.edot.ios.demo.tests;
				PRODUCT_NAME = "$(TARGET_NAME)";
				SDKROOT = iphoneos;
				SUPPORTED_PLATFORMS = "iphoneos iphonesimulator";
				SWIFT_EMIT_LOC_STRINGS = NO;
				SWIFT_VERSION = 5.0;
				TARGETED_DEVICE_FAMILY = "1,2";
				TEST_HOST = "$(BUILT_PRODUCTS_DIR)/WeatherDemo.app/$(BUNDLE_EXECUTABLE_FOLDER_PATH)/WeatherDemo";
			};
			name = Release;
		};
/* End XCBuildConfiguration section */

/* Begin XCConfigurationList section */
		900000000000000000000001 /* Build configuration list for PBXProject "WeatherDemo" */ = {
			isa = XCConfigurationList;
			buildConfigurations = (
				C00000000000000000000001 /* Debug */,
				C00000000000000000000002 /* Release */,
			);
			defaultConfigurationIsVisible = 0;
			defaultConfigurationName = Release;
		};
		900000000000000000000002 /* Build configuration list for PBXNativeTarget "WeatherDemo" */ = {
			isa = XCConfigurationList;
			buildConfigurations = (
				C00000000000000000000003 /* Debug */,
				C00000000000000000000004 /* Release */,
			);
			defaultConfigurationIsVisible = 0;
			defaultConfigurationName = Release;
		};
		900000000000000000000003 /* Build configuration list for PBXNativeTarget "WeatherDemoTests" */ = {
			isa = XCConfigurationList;
			buildConfigurations = (
				C00000000000000000000005 /* Debug */,
				C00000000000000000000006 /* Release */,
			);
			defaultConfigurationIsVisible = 0;
			defaultConfigurationName = Release;
		};
/* End XCConfigurationList section */

/* Begin XCRemoteSwiftPackageReference section */
		B00000000000000000000001 /* XCRemoteSwiftPackageReference "apm-agent-ios" */ = {
			isa = XCRemoteSwiftPackageReference;
			repositoryURL = "https://github.com/elastic/apm-agent-ios.git";
			requirement = {
				kind = exactVersion;
				version = 2.0.1;
			};
		};
		B00000000000000000000002 /* XCRemoteSwiftPackageReference "opentelemetry-swift-core" */ = {
			isa = XCRemoteSwiftPackageReference;
			repositoryURL = "https://github.com/open-telemetry/opentelemetry-swift-core.git";
			requirement = {
				kind = upToNextMajorVersion;
				minimumVersion = 2.3.0;
			};
		};
/* End XCRemoteSwiftPackageReference section */

/* Begin XCSwiftPackageProductDependency section */
		A00000000000000000000001 /* ElasticApm */ = {
			isa = XCSwiftPackageProductDependency;
			package = B00000000000000000000001 /* XCRemoteSwiftPackageReference "apm-agent-ios" */;
			productName = ElasticApm;
		};
		A00000000000000000000002 /* OpenTelemetryApi */ = {
			isa = XCSwiftPackageProductDependency;
			package = B00000000000000000000002 /* XCRemoteSwiftPackageReference "opentelemetry-swift-core" */;
			productName = OpenTelemetryApi;
		};
/* End XCSwiftPackageProductDependency section */
	};
	rootObject = 800000000000000000000001 /* Project object */;
}
